
Microsoft Visual Studio Solution File, Format Version 12.00
# Visual Studio Version 17
VisualStudioVersion = 17.3.32922.545
MinimumVisualStudioVersion = 10.0.40219.1
Project("{FAE04EC0-301F-11D3-BF4B-00C04F79EFBC}") = "Evaluation manager", "Evaluation manager\Evaluation manager.csproj", "{3B1A78DC-AE1C-453D-A166-2BDA202B4ADA}"
EndProject
Global
	GlobalSection(SolutionConfigurationPlatforms) = preSolution
		Debug|Any CPU = Debug|Any CPU
		Release|Any CPU = Release|Any CPU
	EndGlobalSection
	GlobalSection(ProjectConfigurationPlatforms) = postSolution
		{3B1A78DC-AE1C-453D-A166-2BDA202B4ADA}.Debug|Any CPU.ActiveCfg = Debug|Any CPU
		{3B1A78DC-AE1C-453D-A166-2BDA202B4ADA}.Debug|Any CPU.Build.0 = Debug|Any CPU
		{3B1A78DC-AE1C-453D-A166-2BDA202B4ADA}.Release|Any CPU.ActiveCfg = Release|Any CPU
		{3B1A78DC-AE1C-453D-A166-2BDA202B4ADA}.Release|Any CPU.Build.0 = Release|Any CPU
	EndGlobalSection
	GlobalSection(SolutionProperties) = preSolution
		HideSolutionNode = FALSE
	EndGlobalSection
	GlobalSection(ExtensibilityGlobals) = postSolution
		SolutionGuid = {35D4903F-F1D4-4B4A-958B-6042FE3E364E}
	EndGlobalSection
EndGlobal
