
Microsoft Visual Studio Solution File, Format Version 12.00
# Visual Studio Version 17
VisualStudioVersion = 17.3.32922.545
MinimumVisualStudioVersion = 10.0.40219.1
Project("{FAE04EC0-301F-11D3-BF4B-00C04F79EFBC}") = "ConsoleApp1", "ConsoleApp1\ConsoleApp1.csproj", "{BFF71A65-7D2C-4895-9D80-743C10340F89}"
EndProject
Global
	GlobalSection(SolutionConfigurationPlatforms) = preSolution
		Debug|Any CPU = Debug|Any CPU
		Release|Any CPU = Release|Any CPU
	EndGlobalSection
	GlobalSection(ProjectConfigurationPlatforms) = postSolution
		{BFF71A65-7D2C-4895-9D80-743C10340F89}.Debug|Any CPU.ActiveCfg = Debug|Any CPU
		{BFF71A65-7D2C-4895-9D80-743C10340F89}.Debug|Any CPU.Build.0 = Debug|Any CPU
		{BFF71A65-7D2C-4895-9D80-743C10340F89}.Release|Any CPU.ActiveCfg = Release|Any CPU
		{BFF71A65-7D2C-4895-9D80-743C10340F89}.Release|Any CPU.Build.0 = Release|Any CPU
	EndGlobalSection
	GlobalSection(SolutionProperties) = preSolution
		HideSolutionNode = FALSE
	EndGlobalSection
	GlobalSection(ExtensibilityGlobals) = postSolution
		SolutionGuid = {85296A00-EA2D-49AE-BCED-A5DFF3DAC8FA}
	EndGlobalSection
EndGlobal
